
Microsoft Visual Studio Solution File, Format Version 12.00
# Visual Studio Version 16
VisualStudioVersion = 16.0.31515.178
MinimumVisualStudioVersion = 10.0.40219.1
Project("{8BC9CEB8-8B4A-11D0-8D11-00A0C91BC942}") = "Practice_BinarySearchTree", "Practice_BinarySearchTree\Practice_BinarySearchTree.vcxproj", "{719903A0-563F-4D02-B3A4-EDCAAC748EDB}"
EndProject
Global
	GlobalSection(SolutionConfigurationPlatforms) = preSolution
		Debug|x64 = Debug|x64
		Debug|x86 = Debug|x86
		Release|x64 = Release|x64
		Release|x86 = Release|x86
	EndGlobalSection
	GlobalSection(ProjectConfigurationPlatforms) = postSolution
		{719903A0-563F-4D02-B3A4-EDCAAC748EDB}.Debug|x64.ActiveCfg = Debug|x64
		{719903A0-563F-4D02-B3A4-EDCAAC748EDB}.Debug|x64.Build.0 = Debug|x64
		{719903A0-563F-4D02-B3A4-EDCAAC748EDB}.Debug|x86.ActiveCfg = Debug|Win32
		{719903A0-563F-4D02-B3A4-EDCAAC748EDB}.Debug|x86.Build.0 = Debug|Win32
		{719903A0-563F-4D02-B3A4-EDCAAC748EDB}.Release|x64.ActiveCfg = Release|x64
		{719903A0-563F-4D02-B3A4-EDCAAC748EDB}.Release|x64.Build.0 = Release|x64
		{719903A0-563F-4D02-B3A4-EDCAAC748EDB}.Release|x86.ActiveCfg = Release|Win32
		{719903A0-563F-4D02-B3A4-EDCAAC748EDB}.Release|x86.Build.0 = Release|Win32
	EndGlobalSection
	GlobalSection(SolutionProperties) = preSolution
		HideSolutionNode = FALSE
	EndGlobalSection
	GlobalSection(ExtensibilityGlobals) = postSolution
		SolutionGuid = {10DF6974-47F7-4316-B214-C417A4CE02CB}
	EndGlobalSection
EndGlobal
