
Microsoft Visual Studio Solution File, Format Version 12.00
# Visual Studio Version 16
VisualStudioVersion = 16.0.31515.178
MinimumVisualStudioVersion = 10.0.40219.1
Project("{8BC9CEB8-8B4A-11D0-8D11-00A0C91BC942}") = "Bubbule_Sort", "Bubbule_Sort\Bubbule_Sort.vcxproj", "{77A1C5A9-0E37-4926-9D31-439DFB330AF7}"
EndProject
Global
	GlobalSection(SolutionConfigurationPlatforms) = preSolution
		Debug|x64 = Debug|x64
		Debug|x86 = Debug|x86
		Release|x64 = Release|x64
		Release|x86 = Release|x86
	EndGlobalSection
	GlobalSection(ProjectConfigurationPlatforms) = postSolution
		{77A1C5A9-0E37-4926-9D31-439DFB330AF7}.Debug|x64.ActiveCfg = Debug|x64
		{77A1C5A9-0E37-4926-9D31-439DFB330AF7}.Debug|x64.Build.0 = Debug|x64
		{77A1C5A9-0E37-4926-9D31-439DFB330AF7}.Debug|x86.ActiveCfg = Debug|Win32
		{77A1C5A9-0E37-4926-9D31-439DFB330AF7}.Debug|x86.Build.0 = Debug|Win32
		{77A1C5A9-0E37-4926-9D31-439DFB330AF7}.Release|x64.ActiveCfg = Release|x64
		{77A1C5A9-0E37-4926-9D31-439DFB330AF7}.Release|x64.Build.0 = Release|x64
		{77A1C5A9-0E37-4926-9D31-439DFB330AF7}.Release|x86.ActiveCfg = Release|Win32
		{77A1C5A9-0E37-4926-9D31-439DFB330AF7}.Release|x86.Build.0 = Release|Win32
	EndGlobalSection
	GlobalSection(SolutionProperties) = preSolution
		HideSolutionNode = FALSE
	EndGlobalSection
	GlobalSection(ExtensibilityGlobals) = postSolution
		SolutionGuid = {C212E76A-B147-4886-A639-DA61C2BBB415}
	EndGlobalSection
EndGlobal
