
Microsoft Visual Studio Solution File, Format Version 12.00
# Visual Studio Version 16
VisualStudioVersion = 16.0.31515.178
MinimumVisualStudioVersion = 10.0.40219.1
Project("{8BC9CEB8-8B4A-11D0-8D11-00A0C91BC942}") = "Graph_revised", "Graph_revised\Graph_revised.vcxproj", "{10AD3642-8D40-4C02-84F9-F9AFF5F0FEC3}"
EndProject
Global
	GlobalSection(SolutionConfigurationPlatforms) = preSolution
		Debug|x64 = Debug|x64
		Debug|x86 = Debug|x86
		Release|x64 = Release|x64
		Release|x86 = Release|x86
	EndGlobalSection
	GlobalSection(ProjectConfigurationPlatforms) = postSolution
		{10AD3642-8D40-4C02-84F9-F9AFF5F0FEC3}.Debug|x64.ActiveCfg = Debug|x64
		{10AD3642-8D40-4C02-84F9-F9AFF5F0FEC3}.Debug|x64.Build.0 = Debug|x64
		{10AD3642-8D40-4C02-84F9-F9AFF5F0FEC3}.Debug|x86.ActiveCfg = Debug|Win32
		{10AD3642-8D40-4C02-84F9-F9AFF5F0FEC3}.Debug|x86.Build.0 = Debug|Win32
		{10AD3642-8D40-4C02-84F9-F9AFF5F0FEC3}.Release|x64.ActiveCfg = Release|x64
		{10AD3642-8D40-4C02-84F9-F9AFF5F0FEC3}.Release|x64.Build.0 = Release|x64
		{10AD3642-8D40-4C02-84F9-F9AFF5F0FEC3}.Release|x86.ActiveCfg = Release|Win32
		{10AD3642-8D40-4C02-84F9-F9AFF5F0FEC3}.Release|x86.Build.0 = Release|Win32
	EndGlobalSection
	GlobalSection(SolutionProperties) = preSolution
		HideSolutionNode = FALSE
	EndGlobalSection
	GlobalSection(ExtensibilityGlobals) = postSolution
		SolutionGuid = {ABF304F1-7145-405B-BB1A-10D3AE0E4509}
	EndGlobalSection
EndGlobal
